// !$*UTF8*$!
{
	archiveVersion = 1;
	classes = {
	};
	objectVersion = 55;
	objects = {

/* Begin PBXBuildFile section */
		4AE8040F2838C79500396163 /* AppDelegate.swift in Sources */ = {isa = PBXBuildFile; fileRef = 4AE8040E2838C79500396163 /* AppDelegate.swift */; };
		4AE804112838C79500396163 /* SceneDelegate.swift in Sources */ = {isa = PBXBuildFile; fileRef = 4AE804102838C79500396163 /* SceneDelegate.swift */; };
		4AE804132838C79500396163 /* ViewController.swift in Sources */ = {isa = PBXBuildFile; fileRef = 4AE804122838C79500396163 /* ViewController.swift */; };
		4AE804162838C79500396163 /* Main.storyboard in Resources */ = {isa = PBXBuildFile; fileRef = 4AE804142838C79500396163 /* Main.storyboard */; };
		4AE804182838C79600396163 /* Assets.xcassets in Resources */ = {isa = PBXBuildFile; fileRef = 4AE804172838C79600396163 /* Assets.xcassets */; };
		4AE8041B2838C79600396163 /* LaunchScreen.storyboard in Resources */ = {isa = PBXBuildFile; fileRef = 4AE804192838C79600396163 /* LaunchScreen.storyboard */; };
		4AE804232838C80B00396163 /* MyCell.swift in Sources */ = {isa = PBXBuildFile; fileRef = 4AE804222838C80B00396163 /* MyCell.swift */; };
		4AE804282838CC0400396163 /* Photo.swift in Sources */ = {isa = PBXBuildFile; fileRef = 4AE804272838CC0400396163 /* Photo.swift */; };
		4AE8042C2838CCC000396163 /* PhotoRequest.swift in Sources */ = {isa = PBXBuildFile; fileRef = 4AE8042B2838CCC000396163 /* PhotoRequest.swift */; };
		689FD9E5D95B7369B7D319AB /* Pods_ExPagination.framework in Frameworks */ = {isa = PBXBuildFile; fileRef = 6AD3FA350744A28F3D8FBC97 /* Pods_ExPagination.framework */; };
/* End PBXBuildFile section */

/* Begin PBXFileReference section */
		4AE8040B2838C79500396163 /* ExPagination.app */ = {isa = PBXFileReference; explicitFileType = wrapper.application; includeInIndex = 0; path = ExPagination.app; sourceTree = BUILT_PRODUCTS_DIR; };
		4AE8040E2838C79500396163 /* AppDelegate.swift */ = {isa = PBXFileReference; lastKnownFileType = sourcecode.swift; path = AppDelegate.swift; sourceTree = "<group>"; };
		4AE804102838C79500396163 /* SceneDelegate.swift */ = {isa = PBXFileReference; lastKnownFileType = sourcecode.swift; path = SceneDelegate.swift; sourceTree = "<group>"; };
		4AE804122838C79500396163 /* ViewController.swift */ = {isa = PBXFileReference; lastKnownFileType = sourcecode.swift; path = ViewController.swift; sourceTree = "<group>"; };
		4AE804152838C79500396163 /* Base */ = {isa = PBXFileReference; lastKnownFileType = file.storyboard; name = Base; path = Base.lproj/Main.storyboard; sourceTree = "<group>"; };
		4AE804172838C79600396163 /* Assets.xcassets */ = {isa = PBXFileReference; lastKnownFileType = folder.assetcatalog; path = Assets.xcassets; sourceTree = "<group>"; };
		4AE8041A2838C79600396163 /* Base */ = {isa = PBXFileReference; lastKnownFileType = file.storyboard; name = Base; path = Base.lproj/LaunchScreen.storyboard; sourceTree = "<group>"; };
		4AE8041C2838C79600396163 /* Info.plist */ = {isa = PBXFileReference; lastKnownFileType = text.plist.xml; path = Info.plist; sourceTree = "<group>"; };
		4AE804222838C80B00396163 /* MyCell.swift */ = {isa = PBXFileReference; lastKnownFileType = sourcecode.swift; path = MyCell.swift; sourceTree = "<group>"; };
		4AE804272838CC0400396163 /* Photo.swift */ = {isa = PBXFileReference; lastKnownFileType = sourcecode.swift; path = Photo.swift; sourceTree = "<group>"; };
		4AE8042B2838CCC000396163 /* PhotoRequest.swift */ = {isa = PBXFileReference; lastKnownFileType = sourcecode.swift; path = PhotoRequest.swift; sourceTree = "<group>"; };
		6AD3FA350744A28F3D8FBC97 /* Pods_ExPagination.framework */ = {isa = PBXFileReference; explicitFileType = wrapper.framework; includeInIndex = 0; path = Pods_ExPagination.framework; sourceTree = BUILT_PRODUCTS_DIR; };
		AD01B6F913F303DC86F9C625 /* Pods-ExPagination.release.xcconfig */ = {isa = PBXFileReference; includeInIndex = 1; lastKnownFileType = text.xcconfig; name = "Pods-ExPagination.release.xcconfig"; path = "Target Support Files/Pods-ExPagination/Pods-ExPagination.release.xcconfig"; sourceTree = "<group>"; };
		CE31A36B98B727DFA4EFC1FD /* Pods-ExPagination.debug.xcconfig */ = {isa = PBXFileReference; includeInIndex = 1; lastKnownFileType = text.xcconfig; name = "Pods-ExPagination.debug.xcconfig"; path = "Target Support Files/Pods-ExPagination/Pods-ExPagination.debug.xcconfig"; sourceTree = "<group>"; };
/* End PBXFileReference section */

/* Begin PBXFrameworksBuildPhase section */
		4AE804082838C79500396163 /* Frameworks */ = {
			isa = PBXFrameworksBuildPhase;
			buildActionMask = 2147483647;
			files = (
				689FD9E5D95B7369B7D319AB /* Pods_ExPagination.framework in Frameworks */,
			);
			runOnlyForDeploymentPostprocessing = 0;
		};
/* End PBXFrameworksBuildPhase section */

/* Begin PBXGroup section */
		4AE804022838C79500396163 = {
			isa = PBXGroup;
			children = (
				4AE8040D2838C79500396163 /* ExPagination */,
				4AE8040C2838C79500396163 /* Products */,
				C42F00C8B3BC34D9CE84C2FD /* Pods */,
				897E4ADB31A7556D6A41A886 /* Frameworks */,
			);
			sourceTree = "<group>";
		};
		4AE8040C2838C79500396163 /* Products */ = {
			isa = PBXGroup;
			children = (
				4AE8040B2838C79500396163 /* ExPagination.app */,
			);
			name = Products;
			sourceTree = "<group>";
		};
		4AE8040D2838C79500396163 /* ExPagination */ = {
			isa = PBXGroup;
			children = (
				4AE804262838CBF100396163 /* Model */,
				4AE804252838CBED00396163 /* View */,
				4AE8040E2838C79500396163 /* AppDelegate.swift */,
				4AE804102838C79500396163 /* SceneDelegate.swift */,
				4AE804122838C79500396163 /* ViewController.swift */,
				4AE804222838C80B00396163 /* MyCell.swift */,
				4AE804142838C79500396163 /* Main.storyboard */,
				4AE804172838C79600396163 /* Assets.xcassets */,
				4AE804192838C79600396163 /* LaunchScreen.storyboard */,
				4AE8041C2838C79600396163 /* Info.plist */,
			);
			path = ExPagination;
			sourceTree = "<group>";
		};
		4AE804252838CBED00396163 /* View */ = {
			isa = PBXGroup;
			children = (
			);
			path = View;
			sourceTree = "<group>";
		};
		4AE804262838CBF100396163 /* Model */ = {
			isa = PBXGroup;
			children = (
				4AE804272838CC0400396163 /* Photo.swift */,
				4AE8042B2838CCC000396163 /* PhotoRequest.swift */,
			);
			path = Model;
			sourceTree = "<group>";
		};
		897E4ADB31A7556D6A41A886 /* Frameworks */ = {
			isa = PBXGroup;
			children = (
				6AD3FA350744A28F3D8FBC97 /* Pods_ExPagination.framework */,
			);
			name = Frameworks;
			sourceTree = "<group>";
		};
		C42F00C8B3BC34D9CE84C2FD /* Pods */ = {
			isa = PBXGroup;
			children = (
				CE31A36B98B727DFA4EFC1FD /* Pods-ExPagination.debug.xcconfig */,
				AD01B6F913F303DC86F9C625 /* Pods-ExPagination.release.xcconfig */,
			);
			path = Pods;
			sourceTree = "<group>";
		};
/* End PBXGroup section */

/* Begin PBXNativeTarget section */
		4AE8040A2838C79500396163 /* ExPagination */ = {
			isa = PBXNativeTarget;
			buildConfigurationList = 4AE8041F2838C79600396163 /* Build configuration list for PBXNativeTarget "ExPagination" */;
			buildPhases = (
				7952E73AA6F1EEB4EF227753 /* [CP] Check Pods Manifest.lock */,
				4AE804072838C79500396163 /* Sources */,
				4AE804082838C79500396163 /* Frameworks */,
				4AE804092838C79500396163 /* Resources */,
				FC9230A79DECDFA27B4E3E11 /* [CP] Embed Pods Frameworks */,
			);
			buildRules = (
			);
			dependencies = (
			);
			name = ExPagination;
			productName = ExPagination;
			productReference = 4AE8040B2838C79500396163 /* ExPagination.app */;
			productType = "com.apple.product-type.application";
		};
/* End PBXNativeTarget section */

/* Begin PBXProject section */
		4AE804032838C79500396163 /* Project object */ = {
			isa = PBXProject;
			attributes = {
				BuildIndependentTargetsInParallel = 1;
				LastSwiftUpdateCheck = 1310;
				LastUpgradeCheck = 1310;
				TargetAttributes = {
					4AE8040A2838C79500396163 = {
						CreatedOnToolsVersion = 13.1;
					};
				};
			};
			buildConfigurationList = 4AE804062838C79500396163 /* Build configuration list for PBXProject "ExPagination" */;
			compatibilityVersion = "Xcode 13.0";
			developmentRegion = en;
			hasScannedForEncodings = 0;
			knownRegions = (
				en,
				Base,
			);
			mainGroup = 4AE804022838C79500396163;
			productRefGroup = 4AE8040C2838C79500396163 /* Products */;
			projectDirPath = "";
			projectRoot = "";
			targets = (
				4AE8040A2838C79500396163 /* ExPagination */,
			);
		};
/* End PBXProject section */

/* Begin PBXResourcesBuildPhase section */
		4AE804092838C79500396163 /* Resources */ = {
			isa = PBXResourcesBuildPhase;
			buildActionMask = 2147483647;
			files = (
				4AE8041B2838C79600396163 /* LaunchScreen.storyboard in Resources */,
				4AE804182838C79600396163 /* Assets.xcassets in Resources */,
				4AE804162838C79500396163 /* Main.storyboard in Resources */,
			);
			runOnlyForDeploymentPostprocessing = 0;
		};
/* End PBXResourcesBuildPhase section */

/* Begin PBXShellScriptBuildPhase section */
		7952E73AA6F1EEB4EF227753 /* [CP] Check Pods Manifest.lock */ = {
			isa = PBXShellScriptBuildPhase;
			buildActionMask = 2147483647;
			files = (
			);
			inputFileListPaths = (
			);
			inputPaths = (
				"${PODS_PODFILE_DIR_PATH}/Podfile.lock",
				"${PODS_ROOT}/Manifest.lock",
			);
			name = "[CP] Check Pods Manifest.lock";
			outputFileListPaths = (
			);
			outputPaths = (
				"$(DERIVED_FILE_DIR)/Pods-ExPagination-checkManifestLockResult.txt",
			);
			runOnlyForDeploymentPostprocessing = 0;
			shellPath = /bin/sh;
			shellScript = "diff \"${PODS_PODFILE_DIR_PATH}/Podfile.lock\" \"${PODS_ROOT}/Manifest.lock\" > /dev/null\nif [ $? != 0 ] ; then\n    # print error to STDERR\n    echo \"error: The sandbox is not in sync with the Podfile.lock. Run 'pod install' or update your CocoaPods installation.\" >&2\n    exit 1\nfi\n# This output is used by Xcode 'outputs' to avoid re-running this script phase.\necho \"SUCCESS\" > \"${SCRIPT_OUTPUT_FILE_0}\"\n";
			showEnvVarsInLog = 0;
		};
		FC9230A79DECDFA27B4E3E11 /* [CP] Embed Pods Frameworks */ = {
			isa = PBXShellScriptBuildPhase;
			buildActionMask = 2147483647;
			files = (
			);
			inputFileListPaths = (
				"${PODS_ROOT}/Target Support Files/Pods-ExPagination/Pods-ExPagination-frameworks-${CONFIGURATION}-input-files.xcfilelist",
			);
			name = "[CP] Embed Pods Frameworks";
			outputFileListPaths = (
				"${PODS_ROOT}/Target Support Files/Pods-ExPagination/Pods-ExPagination-frameworks-${CONFIGURATION}-output-files.xcfilelist",
			);
			runOnlyForDeploymentPostprocessing = 0;
			shellPath = /bin/sh;
			shellScript = "\"${PODS_ROOT}/Target Support Files/Pods-ExPagination/Pods-ExPagination-frameworks.sh\"\n";
			showEnvVarsInLog = 0;
		};
/* End PBXShellScriptBuildPhase section */

/* Begin PBXSourcesBuildPhase section */
		4AE804072838C79500396163 /* Sources */ = {
			isa = PBXSourcesBuildPhase;
			buildActionMask = 2147483647;
			files = (
				4AE804132838C79500396163 /* ViewController.swift in Sources */,
				4AE804232838C80B00396163 /* MyCell.swift in Sources */,
				4AE8040F2838C79500396163 /* AppDelegate.swift in Sources */,
				4AE804112838C79500396163 /* SceneDelegate.swift in Sources */,
				4AE8042C2838CCC000396163 /* PhotoRequest.swift in Sources */,
				4AE804282838CC0400396163 /* Photo.swift in Sources */,
			);
			runOnlyForDeploymentPostprocessing = 0;
		};
/* End PBXSourcesBuildPhase section */

/* Begin PBXVariantGroup section */
		4AE804142838C79500396163 /* Main.storyboard */ = {
			isa = PBXVariantGroup;
			children = (
				4AE804152838C79500396163 /* Base */,
			);
			name = Main.storyboard;
			sourceTree = "<group>";
		};
		4AE804192838C79600396163 /* LaunchScreen.storyboard */ = {
			isa = PBXVariantGroup;
			children = (
				4AE8041A2838C79600396163 /* Base */,
			);
			name = LaunchScreen.storyboard;
			sourceTree = "<group>";
		};
/* End PBXVariantGroup section */

/* Begin XCBuildConfiguration section */
		4AE8041D2838C79600396163 /* Debug */ = {
			isa = XCBuildConfiguration;
			buildSettings = {
				ALWAYS_SEARCH_USER_PATHS = NO;
				CLANG_ANALYZER_NONNULL = YES;
				CLANG_ANALYZER_NUMBER_OBJECT_CONVERSION = YES_AGGRESSIVE;
				CLANG_CXX_LANGUAGE_STANDARD = "gnu++17";
				CLANG_CXX_LIBRARY = "libc++";
				CLANG_ENABLE_MODULES = YES;
				CLANG_ENABLE_OBJC_ARC = YES;
				CLANG_ENABLE_OBJC_WEAK = YES;
				CLANG_WARN_BLOCK_CAPTURE_AUTORELEASING = YES;
				CLANG_WARN_BOOL_CONVERSION = YES;
				CLANG_WARN_COMMA = YES;
				CLANG_WARN_CONSTANT_CONVERSION = YES;
				CLANG_WARN_DEPRECATED_OBJC_IMPLEMENTATIONS = YES;
				CLANG_WARN_DIRECT_OBJC_ISA_USAGE = YES_ERROR;
				CLANG_WARN_DOCUMENTATION_COMMENTS = YES;
				CLANG_WARN_EMPTY_BODY = YES;
				CLANG_WARN_ENUM_CONVERSION = YES;
				CLANG_WARN_INFINITE_RECURSION = YES;
				CLANG_WARN_INT_CONVERSION = YES;
				CLANG_WARN_NON_LITERAL_NULL_CONVERSION = YES;
				CLANG_WARN_OBJC_IMPLICIT_RETAIN_SELF = YES;
				CLANG_WARN_OBJC_LITERAL_CONVERSION = YES;
				CLANG_WARN_OBJC_ROOT_CLASS = YES_ERROR;
				CLANG_WARN_QUOTED_INCLUDE_IN_FRAMEWORK_HEADER = YES;
				CLANG_WARN_RANGE_LOOP_ANALYSIS = YES;
				CLANG_WARN_STRICT_PROTOTYPES = YES;
				CLANG_WARN_SUSPICIOUS_MOVE = YES;
				CLANG_WARN_UNGUARDED_AVAILABILITY = YES_AGGRESSIVE;
				CLANG_WARN_UNREACHABLE_CODE = YES;
				CLANG_WARN__DUPLICATE_METHOD_MATCH = YES;
				COPY_PHASE_STRIP = NO;
				DEBUG_INFORMATION_FORMAT = dwarf;
				ENABLE_STRICT_OBJC_MSGSEND = YES;
				ENABLE_TESTABILITY = YES;
				GCC_C_LANGUAGE_STANDARD = gnu11;
				GCC_DYNAMIC_NO_PIC = NO;
				GCC_NO_COMMON_BLOCKS = YES;
				GCC_OPTIMIZATION_LEVEL = 0;
				GCC_PREPROCESSOR_DEFINITIONS = (
					"DEBUG=1",
					"$(inherited)",
				);
				GCC_WARN_64_TO_32_BIT_CONVERSION = YES;
				GCC_WARN_ABOUT_RETURN_TYPE = YES_ERROR;
				GCC_WARN_UNDECLARED_SELECTOR = YES;
				GCC_WARN_UNINITIALIZED_AUTOS = YES_AGGRESSIVE;
				GCC_WARN_UNUSED_FUNCTION = YES;
				GCC_WARN_UNUSED_VARIABLE = YES;
				IPHONEOS_DEPLOYMENT_TARGET = 15.0;
				MTL_ENABLE_DEBUG_INFO = INCLUDE_SOURCE;
				MTL_FAST_MATH = YES;
				ONLY_ACTIVE_ARCH = YES;
				SDKROOT = iphoneos;
				SWIFT_ACTIVE_COMPILATION_CONDITIONS = DEBUG;
				SWIFT_OPTIMIZATION_LEVEL = "-Onone";
			};
			name = Debug;
		};
		4AE8041E2838C79600396163 /* Release */ = {
			isa = XCBuildConfiguration;
			buildSettings = {
				ALWAYS_SEARCH_USER_PATHS = NO;
				CLANG_ANALYZER_NONNULL = YES;
				CLANG_ANALYZER_NUMBER_OBJECT_CONVERSION = YES_AGGRESSIVE;
				CLANG_CXX_LANGUAGE_STANDARD = "gnu++17";
				CLANG_CXX_LIBRARY = "libc++";
				CLANG_ENABLE_MODULES = YES;
				CLANG_ENABLE_OBJC_ARC = YES;
				CLANG_ENABLE_OBJC_WEAK = YES;
				CLANG_WARN_BLOCK_CAPTURE_AUTORELEASING = YES;
				CLANG_WARN_BOOL_CONVERSION = YES;
				CLANG_WARN_COMMA = YES;
				CLANG_WARN_CONSTANT_CONVERSION = YES;
				CLANG_WARN_DEPRECATED_OBJC_IMPLEMENTATIONS = YES;
				CLANG_WARN_DIRECT_OBJC_ISA_USAGE = YES_ERROR;
				CLANG_WARN_DOCUMENTATION_COMMENTS = YES;
				CLANG_WARN_EMPTY_BODY = YES;
				CLANG_WARN_ENUM_CONVERSION = YES;
				CLANG_WARN_INFINITE_RECURSION = YES;
				CLANG_WARN_INT_CONVERSION = YES;
				CLANG_WARN_NON_LITERAL_NULL_CONVERSION = YES;
				CLANG_WARN_OBJC_IMPLICIT_RETAIN_SELF = YES;
				CLANG_WARN_OBJC_LITERAL_CONVERSION = YES;
				CLANG_WARN_OBJC_ROOT_CLASS = YES_ERROR;
				CLANG_WARN_QUOTED_INCLUDE_IN_FRAMEWORK_HEADER = YES;
				CLANG_WARN_RANGE_LOOP_ANALYSIS = YES;
				CLANG_WARN_STRICT_PROTOTYPES = YES;
				CLANG_WARN_SUSPICIOUS_MOVE = YES;
				CLANG_WARN_UNGUARDED_AVAILABILITY = YES_AGGRESSIVE;
				CLANG_WARN_UNREACHABLE_CODE = YES;
				CLANG_WARN__DUPLICATE_METHOD_MATCH = YES;
				COPY_PHASE_STRIP = NO;
				DEBUG_INFORMATION_FORMAT = "dwarf-with-dsym";
				ENABLE_NS_ASSERTIONS = NO;
				ENABLE_STRICT_OBJC_MSGSEND = YES;
				GCC_C_LANGUAGE_STANDARD = gnu11;
				GCC_NO_COMMON_BLOCKS = YES;
				GCC_WARN_64_TO_32_BIT_CONVERSION = YES;
				GCC_WARN_ABOUT_RETURN_TYPE = YES_ERROR;
				GCC_WARN_UNDECLARED_SELECTOR = YES;
				GCC_WARN_UNINITIALIZED_AUTOS = YES_AGGRESSIVE;
				GCC_WARN_UNUSED_FUNCTION = YES;
				GCC_WARN_UNUSED_VARIABLE = YES;
				IPHONEOS_DEPLOYMENT_TARGET = 15.0;
				MTL_ENABLE_DEBUG_INFO = NO;
				MTL_FAST_MATH = YES;
				SDKROOT = iphoneos;
				SWIFT_COMPILATION_MODE = wholemodule;
				SWIFT_OPTIMIZATION_LEVEL = "-O";
				VALIDATE_PRODUCT = YES;
			};
			name = Release;
		};
		4AE804202838C79600396163 /* Debug */ = {
			isa = XCBuildConfiguration;
			baseConfigurationReference = CE31A36B98B727DFA4EFC1FD /* Pods-ExPagination.debug.xcconfig */;
			buildSettings = {
				ASSETCATALOG_COMPILER_APPICON_NAME = AppIcon;
				ASSETCATALOG_COMPILER_GLOBAL_ACCENT_COLOR_NAME = AccentColor;
				CODE_SIGN_STYLE = Automatic;
				CURRENT_PROJECT_VERSION = 1;
				DEVELOPMENT_TEAM = SS7U83UJNK;
				GENERATE_INFOPLIST_FILE = YES;
				INFOPLIST_FILE = ExPagination/Info.plist;
				INFOPLIST_KEY_UIApplicationSupportsIndirectInputEvents = YES;
				INFOPLIST_KEY_UILaunchStoryboardName = LaunchScreen;
				INFOPLIST_KEY_UIMainStoryboardFile = Main;
				INFOPLIST_KEY_UISupportedInterfaceOrientations_iPad = "UIInterfaceOrientationPortrait UIInterfaceOrientationPortraitUpsideDown UIInterfaceOrientationLandscapeLeft UIInterfaceOrientationLandscapeRight";
				INFOPLIST_KEY_UISupportedInterfaceOrientations_iPhone = "UIInterfaceOrientationPortrait UIInterfaceOrientationLandscapeLeft UIInterfaceOrientationLandscapeRight";
				LD_RUNPATH_SEARCH_PATHS = (
					"$(inherited)",
					"@executable_path/Frameworks",
				);
				MARKETING_VERSION = 1.0;
				PRODUCT_BUNDLE_IDENTIFIER = com.jake.unsplash.reactorkit.ExPagination;
				PRODUCT_NAME = "$(TARGET_NAME)";
				SWIFT_EMIT_LOC_STRINGS = YES;
				SWIFT_VERSION = 5.0;
				TARGETED_DEVICE_FAMILY = "1,2";
			};
			name = Debug;
		};
		4AE804212838C79600396163 /* Release */ = {
			isa = XCBuildConfiguration;
			baseConfigurationReference = AD01B6F913F303DC86F9C625 /* Pods-ExPagination.release.xcconfig */;
			buildSettings = {
				ASSETCATALOG_COMPILER_APPICON_NAME = AppIcon;
				ASSETCATALOG_COMPILER_GLOBAL_ACCENT_COLOR_NAME = AccentColor;
				CODE_SIGN_STYLE = Automatic;
				CURRENT_PROJECT_VERSION = 1;
				DEVELOPMENT_TEAM = SS7U83UJNK;
				GENERATE_INFOPLIST_FILE = YES;
				INFOPLIST_FILE = ExPagination/Info.plist;
				INFOPLIST_KEY_UIApplicationSupportsIndirectInputEvents = YES;
				INFOPLIST_KEY_UILaunchStoryboardName = LaunchScreen;
				INFOPLIST_KEY_UIMainStoryboardFile = Main;
				INFOPLIST_KEY_UISupportedInterfaceOrientations_iPad = "UIInterfaceOrientationPortrait UIInterfaceOrientationPortraitUpsideDown UIInterfaceOrientationLandscapeLeft UIInterfaceOrientationLandscapeRight";
				INFOPLIST_KEY_UISupportedInterfaceOrientations_iPhone = "UIInterfaceOrientationPortrait UIInterfaceOrientationLandscapeLeft UIInterfaceOrientationLandscapeRight";
				LD_RUNPATH_SEARCH_PATHS = (
					"$(inherited)",
					"@executable_path/Frameworks",
				);
				MARKETING_VERSION = 1.0;
				PRODUCT_BUNDLE_IDENTIFIER = com.jake.unsplash.reactorkit.ExPagination;
				PRODUCT_NAME = "$(TARGET_NAME)";
				SWIFT_EMIT_LOC_STRINGS = YES;
				SWIFT_VERSION = 5.0;
				TARGETED_DEVICE_FAMILY = "1,2";
			};
			name = Release;
		};
/* End XCBuildConfiguration section */

/* Begin XCConfigurationList section */
		4AE804062838C79500396163 /* Build configuration list for PBXProject "ExPagination" */ = {
			isa = XCConfigurationList;
			buildConfigurations = (
				4AE8041D2838C79600396163 /* Debug */,
				4AE8041E2838C79600396163 /* Release */,
			);
			defaultConfigurationIsVisible = 0;
			defaultConfigurationName = Release;
		};
		4AE8041F2838C79600396163 /* Build configuration list for PBXNativeTarget "ExPagination" */ = {
			isa = XCConfigurationList;
			buildConfigurations = (
				4AE804202838C79600396163 /* Debug */,
				4AE804212838C79600396163 /* Release */,
			);
			defaultConfigurationIsVisible = 0;
			defaultConfigurationName = Release;
		};
/* End XCConfigurationList section */
	};
	rootObject = 4AE804032838C79500396163 /* Project object */;
}
